lockfileVersion: '9.0'

settings:
  autoInstallPeers: true
  excludeLinksFromLockfile: false

importers:

  .:
    dependencies:
      '@codama/renderers-js':
        specifier: ^2.0.2
        version: 2.0.2(fastestsmallesttextencoderdecoder@1.0.22)(typescript@5.9.3)
      codama:
        specifier: ^1.5.1
        version: 1.5.1
    devDependencies:
      '@solana/kit':
        specifier: ^6.1.0
        version: 6.1.0(fastestsmallesttextencoderdecoder@1.0.22)(typescript@5.9.3)
      '@solana/program-client-core':
        specifier: ^6.1.0
        version: 6.1.0(fastestsmallesttextencoderdecoder@1.0.22)(typescript@5.9.3)
      '@types/node':
        specifier: ^25.3.0
        version: 25.3.0
      typescript:
        specifier: ^5.7.0
        version: 5.9.3

packages:

  '@codama/cli@1.5.0':
    resolution: {integrity: sha512-+q62IvEA6o7ji/mcnGgAvyPWyiFx3cojVGrFNG8NSm0zFXrBk1lT3n/qg+2Ag8C8aHwno9boXgDTxV+P5VCDYw==}
    hasBin: true

  '@codama/errors@1.5.1':
    resolution: {integrity: sha512-kdLk/OSLBt03DoViRU1Xr0M7NZ7J/CSqaXV8fooF9qMRGPRJdgUeW2VkCGlLXDQSaIALrls3HkHmKRKbqqjSOA==}
    hasBin: true

  '@codama/node-types@1.5.1':
    resolution: {integrity: sha512-jMGz93MSszb1iXAAyWWa0i7RQbLxGihLKRZ+zr9aBsjaFFmhXhONfTFeSXzbEfc05cajpd/gW2QI7xmQHlUDKQ==}

  '@codama/nodes@1.5.1':
    resolution: {integrity: sha512-6fIoH5Cfa5dFUE1fRxymZloeNg02klOT4fHsWwQavkkRWkoySgiti//w0j1itiZj6j5O+usujrwsZUJqSFjnhQ==}

  '@codama/renderers-core@1.3.6':
    resolution: {integrity: sha512-m3yAmhrObnagyC7d8g9bZxyLC5YMpttLagRE0aAKD4zlDDh23o3zV7TxSYCh2nRCg5ObceflgvXdauIHUm/6Xg==}

  '@codama/renderers-js@2.0.2':
    resolution: {integrity: sha512-5gEDCgfqqUnc/uTAphj06+tU6n2fVZH439ih7H1yAF8WM+ftHB7Ph0rMb63J7/d+HRRZhdEet0Cngs1CZI6GHA==}
    engines: {node: '>=20.18.0'}

  '@codama/validators@1.5.1':
    resolution: {integrity: sha512-aUXl39AMa091CBWpYiK2XCXP/uyKOOtAT399TzRld3z8dIH9E0fGyu4ocP+IhQKXWXDPsh7V3qPmqsdyevOPcQ==}

  '@codama/visitors-core@1.5.1':
    resolution: {integrity: sha512-JotrDJLI7OfPNHulu4KtPfUDF/FYMC3RgEnv9lu47Fiiy0upbGAw1NorgBuoreyJ9Uj0GZyHt7Q5rjrCoa1U0g==}

  '@codama/visitors@1.5.1':
    resolution: {integrity: sha512-8WcGP1tJKtqBfZ4mJsBRPjZ/H6+SPLWmiUoDTXRrVePQE4X4Yb04o6BoX2Uc3heZbfEc0rXdM1w8HTFvXBX4/A==}

  '@solana/accounts@6.1.0':
    resolution: {integrity: sha512-0jhmhSSS71ClLtBQIDrLlhkiNER4M9RIXTl1eJ1yJoFlE608JaKHTjNWsdVKdke7uBD6exdjNZkIVmouQPHMcA==}
    engines: {node: '>=20.18.0'}
    peerDependencies:
      typescript: ^5.0.0
    peerDependenciesMeta:
      typescript:
        optional: true

  '@solana/addresses@6.1.0':
    resolution: {integrity: sha512-QT04Vie4iICaalQQRJFMGj/P56IxXiwFtVuZHu1qjZUNmuGTOvX6G98b27RaGtLzpJ3NIku/6OtKxLUBqAKAyQ==}
    engines: {node: '>=20.18.0'}
    peerDependencies:
      typescript: ^5.0.0
    peerDependenciesMeta:
      typescript:
        optional: true

  '@solana/assertions@6.1.0':
    resolution: {integrity: sha512-pLgxB2xxTk2QfTaWpnRpSMYgaPkKYDQgptRvbwmuDQnOW1Zopg+42MT2UrDGd3UFMML1uOFPxIwKM6m51H0uXw==}
    engines: {node: '>=20.18.0'}
    peerDependencies:
      typescript: ^5.0.0
    peerDependenciesMeta:
      typescript:
        optional: true

  '@solana/codecs-core@6.1.0':
    resolution: {integrity: sha512-5rNnDOOm2GRFMJbd9imYCPNvGOrQ+TZ53NCkFFWbbB7f+L9KkLeuuAsDMFN1lCziJFlymvN785YtDnMeWj2W+g==}
    engines: {node: '>=20.18.0'}
    peerDependencies:
      typescript: ^5.0.0
    peerDependenciesMeta:
      typescript:
        optional: true

  '@solana/codecs-data-structures@6.1.0':
    resolution: {integrity: sha512-1cb9g5hrrucTuGkGxqVVq7dCwSMnn4YqwTe365iKkK8HBpLBmUl8XATf1MUs5UtDun1g9eNWOL72Psr8mIUqTQ==}
    engines: {node: '>=20.18.0'}
    peerDependencies:
      typescript: ^5.0.0
    peerDependenciesMeta:
      typescript:
        optional: true

  '@solana/codecs-numbers@6.1.0':
    resolution: {integrity: sha512-YPQwwl6LE3igH23ah+d8kgpyE5xFcPbuwhxCDsLWqY/ESrvO/0YQSbsgIXahbhZxN59ZC4uq1LnHhBNbpCSVQg==}
    engines: {node: '>=20.18.0'}
    peerDependencies:
      typescript: ^5.0.0
    peerDependenciesMeta:
      typescript:
        optional: true

  '@solana/codecs-strings@6.1.0':
    resolution: {integrity: sha512-pRH5uAn4VCFUs2rYiDITyWsRnpvs3Uh/nhSc6OSP/kusghcCcCJcUzHBIjT4x08MVacXmGUlSLe/9qPQO+QK3Q==}
    engines: {node: '>=20.18.0'}
    peerDependencies:
      fastestsmallesttextencoderdecoder: ^1.0.22
      typescript: ^5.0.0
    peerDependenciesMeta:
      fastestsmallesttextencoderdecoder:
        optional: true
      typescript:
        optional: true

  '@solana/codecs@6.1.0':
    resolution: {integrity: sha512-VHBS3t8fyVjE0Nqo6b4TUnzdwdRaVo+B5ufHhPLbbjkEXzz8HB4E/OBjgasn+zWGlfScfQAiBFOsfZjbVWu4XA==}
    engines: {node: '>=20.18.0'}
    peerDependencies:
      typescript: ^5.0.0
    peerDependenciesMeta:
      typescript:
        optional: true

  '@solana/errors@6.1.0':
    resolution: {integrity: sha512-cqSwcw3Rmn85UR7PyF5nKPdlQsRYBkx7YGRvFaJ6Sal1PM+bfolhL5iT7STQoXxdhXGYwHMPg7kZYxmMdjwnJA==}
    engines: {node: '>=20.18.0'}
    hasBin: true
    peerDependencies:
      typescript: ^5.0.0
    peerDependenciesMeta:
      typescript:
        optional: true

  '@solana/fast-stable-stringify@6.1.0':
    resolution: {integrity: sha512-QXUfDFaJCFeARsxJgScWmJ153Tit7Cimk9y0UWWreNBr2Aphi67Nlcj/tr7UABTO0Qaw/0gwrK76zz3m1t3nIw==}
    engines: {node: '>=20.18.0'}
    peerDependencies:
      typescript: ^5.0.0
    peerDependenciesMeta:
      typescript:
        optional: true

  '@solana/functional@6.1.0':
    resolution: {integrity: sha512-+Sm8ldVxSTHIKaZDvcBu81FPjknXx6OMPlakkKmXjKxPgVLl86ruqMo2yEwoDUHV7DysLrLLcRNn13rfulomRw==}
    engines: {node: '>=20.18.0'}
    peerDependencies:
      typescript: ^5.0.0
    peerDependenciesMeta:
      typescript:
        optional: true

  '@solana/instruction-plans@6.1.0':
    resolution: {integrity: sha512-zcsHg544t1zn7LLOVUxOWYlsKn9gvT7R+pL3cTiP2wFNoUN0h9En87H6nVqkZ8LWw23asgW0uM5uJGwfBx2h1Q==}
    engines: {node: '>=20.18.0'}
    peerDependencies:
      typescript: ^5.0.0
    peerDependenciesMeta:
      typescript:
        optional: true

  '@solana/instructions@6.1.0':
    resolution: {integrity: sha512-w1LdbJ3yanESckNTYC5KPckgN/25FyGCm07WWrs+dCnnpRNeLiVHIytXCPmArOVAXVkOYidXzhWmqCzqKUjYaA==}
    engines: {node: '>=20.18.0'}
    peerDependencies:
      typescript: ^5.0.0
    peerDependenciesMeta:
      typescript:
        optional: true

  '@solana/keys@6.1.0':
    resolution: {integrity: sha512-C/SGCl3VOgBQZ0mLrMxCcJYnMsGpgE8wbx29jqRY+R91m5YhS1f/GfXJPR1lN/h7QGrJ6YDm8eI0Y3AZ7goKHg==}
    engines: {node: '>=20.18.0'}
    peerDependencies:
      typescript: ^5.0.0
    peerDependenciesMeta:
      typescript:
        optional: true

  '@solana/kit@6.1.0':
    resolution: {integrity: sha512-24exn11BPonquufyCkGgypVtmN4JOsdGMsbF3EZ4kFyk7ZNryCn/N8eELr1FCVrHWRXoc0xy/HFaESBULTMf6g==}
    engines: {node: '>=20.18.0'}
    peerDependencies:
      typescript: ^5.0.0
    peerDependenciesMeta:
      typescript:
        optional: true

  '@solana/nominal-types@6.1.0':
    resolution: {integrity: sha512-+skHjN0arNNB9TLsGqA94VCx7euyGURI+qG6wck6E4D7hH6i6DxGiVrtKRghx+smJkkLtTm9BvdVKGoeNQYr7Q==}
    engines: {node: '>=20.18.0'}
    peerDependencies:
      typescript: ^5.0.0
    peerDependenciesMeta:
      typescript:
        optional: true

  '@solana/offchain-messages@6.1.0':
    resolution: {integrity: sha512-jrUb7HGUnRA+k44upcqKeevtEdqMxYRSlFdE0JTctZunGlP3GCcTl12tFOpbnFHvBLt8RwS62+nyeES8zzNwXA==}
    engines: {node: '>=20.18.0'}
    peerDependencies:
      typescript: ^5.0.0
    peerDependenciesMeta:
      typescript:
        optional: true

  '@solana/options@6.1.0':
    resolution: {integrity: sha512-/4FtVfR6nkHkMCumyh7/lJ6jMqyES6tKUbOJRa6gJxcIUWeRDu+XrHTHLf3gRNUqDAbFvW8FMIrQm7PdreZgRA==}
    engines: {node: '>=20.18.0'}
    peerDependencies:
      typescript: ^5.0.0
    peerDependenciesMeta:
      typescript:
        optional: true

  '@solana/plugin-core@6.1.0':
    resolution: {integrity: sha512-2nmNCPa6B1QArqpAZHWUkK6K7UXLTrekfcfJm2V//ATEtLpKEBlv0c3mrhOYwNAKP2TpNuvEV33InXWKst9oXQ==}
    engines: {node: '>=20.18.0'}
    peerDependencies:
      typescript: ^5.0.0
    peerDependenciesMeta:
      typescript:
        optional: true

  '@solana/plugin-interfaces@6.1.0':
    resolution: {integrity: sha512-eWSzfOuwtHUp8vljf5V24Tkz3WxqxiV0vD/BJZBNRZMdYRw3Cw3oeWcvEqHHxGUOie6AjIK8GrKggi8F73ZXbg==}
    engines: {node: '>=20.18.0'}
    peerDependencies:
      typescript: ^5.0.0
    peerDependenciesMeta:
      typescript:
        optional: true

  '@solana/program-client-core@6.1.0':
    resolution: {integrity: sha512-5Apka+ulWNfLNLYNR63pLnr5XvkXTQWeaftWED93iTWTZrZv9SyFWcmIsaes6eqGXMQ3RhlebnrWODtKuAA62g==}
    engines: {node: '>=20.18.0'}
    peerDependencies:
      typescript: ^5.0.0
    peerDependenciesMeta:
      typescript:
        optional: true

  '@solana/programs@6.1.0':
    resolution: {integrity: sha512-i4L4gSlIHDsdYRt3/YKVKMIN3UuYSKHRqK9B+AejcIc0y6Y/AXnHqzmpBRXEhvTXz18nt59MLXpVU4wu7ASjJA==}
    engines: {node: '>=20.18.0'}
    peerDependencies:
      typescript: ^5.0.0
    peerDependenciesMeta:
      typescript:
        optional: true

  '@solana/promises@6.1.0':
    resolution: {integrity: sha512-/mUW6peXQiEOaylLpGv4vtkvPzQvSbfhX9j5PNIK/ry4S3SHRQ3j3W/oGy4y3LR5alwo7NcVbubrkh4e4xwcww==}
    engines: {node: '>=20.18.0'}
    peerDependencies:
      typescript: ^5.0.0
    peerDependenciesMeta:
      typescript:
        optional: true

  '@solana/rpc-api@6.1.0':
    resolution: {integrity: sha512-+hO5+kZjJHuUNATUQxlJ1+ztXFkgn1j46zRwt3X7kF+VHkW3wsQ7up0JTS+Xsacmkrj1WKfymQweq8JTrsAG8A==}
    engines: {node: '>=20.18.0'}
    peerDependencies:
      typescript: ^5.0.0
    peerDependenciesMeta:
      typescript:
        optional: true

  '@solana/rpc-parsed-types@6.1.0':
    resolution: {integrity: sha512-YKccynVgWt/gbs0tBYstNw6BSVuOeWdeAldTB2OgH95o2Q04DpO4v97X1MZDysA4SvSZM30Ek5Ni5ss3kskgdw==}
    engines: {node: '>=20.18.0'}
    peerDependencies:
      typescript: ^5.0.0
    peerDependenciesMeta:
      typescript:
        optional: true

  '@solana/rpc-spec-types@6.1.0':
    resolution: {integrity: sha512-tldMv1b6VGcvcRrY5MDWKlsyEKH6K96zE7gAIpKDX2G4T47ZOV+OMA3nh6xQpRgtyCUBsej0t80qmvTBDX/5IQ==}
    engines: {node: '>=20.18.0'}
    peerDependencies:
      typescript: ^5.0.0
    peerDependenciesMeta:
      typescript:
        optional: true

  '@solana/rpc-spec@6.1.0':
    resolution: {integrity: sha512-RxpkIGizCYhXGUcap7npV2S/rAXZ7P/liozY/ExjMmCxYTDwGIW33kp/uH/JRxuzrL8+f8FqY76VsqqIe+2VZw==}
    engines: {node: '>=20.18.0'}
    peerDependencies:
      typescript: ^5.0.0
    peerDependenciesMeta:
      typescript:
        optional: true

  '@solana/rpc-subscriptions-api@6.1.0':
    resolution: {integrity: sha512-I6J+3VU0dda6EySKbDyd+1urC7RGIRPRp0DcWRVcy68NOLbq0I5C40Dn9O2Zf8iCdK4PbQ7JKdCvZ/bDd45hdg==}
    engines: {node: '>=20.18.0'}
    peerDependencies:
      typescript: ^5.0.0
    peerDependenciesMeta:
      typescript:
        optional: true

  '@solana/rpc-subscriptions-channel-websocket@6.1.0':
    resolution: {integrity: sha512-vsx9b+uyCr9L3giao/BTiBFA8DxV5+gDNFq0t5uL21uQ17JXzBektwzHuHoth9IjkvXV/h+IhwXfuLE9Qm4GQg==}
    engines: {node: '>=20.18.0'}
    peerDependencies:
      typescript: ^5.0.0
    peerDependenciesMeta:
      typescript:
        optional: true

  '@solana/rpc-subscriptions-spec@6.1.0':
    resolution: {integrity: sha512-P06jhqzHpZGaLeJmIQkpDeMDD1xUp53ARpmXMsduMC+U5ZKQt29CLo+JrR18boNtls6WfttjVMEbzF25/4UPVA==}
    engines: {node: '>=20.18.0'}
    peerDependencies:
      typescript: ^5.0.0
    peerDependenciesMeta:
      typescript:
        optional: true

  '@solana/rpc-subscriptions@6.1.0':
    resolution: {integrity: sha512-sqwj+cQinWcZ7M/9+cudKxMPTkTQyGP73980vPCWM7vCpPkp2qzgrEie4DdgDGo+NMwIjeFgu2kdUuLHI3GD/g==}
    engines: {node: '>=20.18.0'}
    peerDependencies:
      typescript: ^5.0.0
    peerDependenciesMeta:
      typescript:
        optional: true

  '@solana/rpc-transformers@6.1.0':
    resolution: {integrity: sha512-OsSuuRPmsmS02eR9Zz+4iTsr+21hvEMEex5vwbwN6LAGPFlQ4ohqGkxgZCwmYd+Q5HWpnn9Uuf1MDTLLrKQkig==}
    engines: {node: '>=20.18.0'}
    peerDependencies:
      typescript: ^5.0.0
    peerDependenciesMeta:
      typescript:
        optional: true

  '@solana/rpc-transport-http@6.1.0':
    resolution: {integrity: sha512-3ebaTYuglLJagaXtjwDPVI7SQeeeFN2fpetpGKsuMAiti4fzYqEkNN8FIo+nXBzqqG/cVc2421xKjXl6sO1k/g==}
    engines: {node: '>=20.18.0'}
    peerDependencies:
      typescript: ^5.0.0
    peerDependenciesMeta:
      typescript:
        optional: true

  '@solana/rpc-types@6.1.0':
    resolution: {integrity: sha512-lR+Cb3v5Rpl49HsXWASy++TSE1AD86eRKabY+iuWnbBMYVGI4MamAvYwgBiygsCNc30nyO2TFNj9STMeSD/gAg==}
    engines: {node: '>=20.18.0'}
    peerDependencies:
      typescript: ^5.0.0
    peerDependenciesMeta:
      typescript:
        optional: true

  '@solana/rpc@6.1.0':
    resolution: {integrity: sha512-R3y5PklW9mPy5Y34hsXj40R28zN2N7AGLnHqYJVkXkllwVub/QCNpSdDxAnbbS5EGOYGoUOW8s5LFoXwMSr1LQ==}
    engines: {node: '>=20.18.0'}
    peerDependencies:
      typescript: ^5.0.0
    peerDependenciesMeta:
      typescript:
        optional: true

  '@solana/signers@6.1.0':
    resolution: {integrity: sha512-WDPGZJr6jIe2dEChv/2KQBnaga8dqOjd6ceBj/HcDHxnCudo66t7GlyZ9+9jMO40AgOOb7EDE5FDqPMrHMg5Yw==}
    engines: {node: '>=20.18.0'}
    peerDependencies:
      typescript: ^5.0.0
    peerDependenciesMeta:
      typescript:
        optional: true

  '@solana/subscribable@6.1.0':
    resolution: {integrity: sha512-HiUfkxN7638uxPmY4t0gI4+yqnFLZYJKFaT9EpWIuGrOB1d9n+uOHNs3NU7cVMwWXgfZUbztTCKyCVTbcwesNg==}
    engines: {node: '>=20.18.0'}
    peerDependencies:
      typescript: ^5.0.0
    peerDependenciesMeta:
      typescript:
        optional: true

  '@solana/sysvars@6.1.0':
    resolution: {integrity: sha512-KwJyBBrAOx0BgkiZqOKAaySDb/0JrUFSBQL9/O1kSKGy9TCRX55Ytr1HxNTcTPppWNpbM6JZVK+yW3Ruey0HRw==}
    engines: {node: '>=20.18.0'}
    peerDependencies:
      typescript: ^5.0.0
    peerDependenciesMeta:
      typescript:
        optional: true

  '@solana/transaction-confirmation@6.1.0':
    resolution: {integrity: sha512-akSjcqAMOGPFvKctFDSzhjcRc/45WbEVdVQ9mjgH6OYo7B11WZZZaeGPlzAw5KyuG34Px941xmICkBmNqEH47Q==}
    engines: {node: '>=20.18.0'}
    peerDependencies:
      typescript: ^5.0.0
    peerDependenciesMeta:
      typescript:
        optional: true

  '@solana/transaction-messages@6.1.0':
    resolution: {integrity: sha512-Dpv54LRVcfFbFEa/uB53LaY/TRfKuPGMKR7Z4F290zBgkj9xkpZkI+WLiJBiSloI7Qo2KZqXj3514BIeZvJLcg==}
    engines: {node: '>=20.18.0'}
    peerDependencies:
      typescript: ^5.0.0
    peerDependenciesMeta:
      typescript:
        optional: true

  '@solana/transactions@6.1.0':
    resolution: {integrity: sha512-1dkiNJcTtlHm4Fvs5VohNVpv7RbvbUYYKV7lYXMPIskoLF1eZp0tVlEqD/cRl91RNz7HEysfHqBAwlcJcRmrRg==}
    engines: {node: '>=20.18.0'}
    peerDependencies:
      typescript: ^5.0.0
    peerDependenciesMeta:
      typescript:
        optional: true

  '@types/node@25.3.0':
    resolution: {integrity: sha512-4K3bqJpXpqfg2XKGK9bpDTc6xO/xoUP/RBWS7AtRMug6zZFaRekiLzjVtAoZMquxoAbzBvy5nxQ7veS5eYzf8A==}

  call-bind-apply-helpers@1.0.2:
    resolution: {integrity: sha512-Sp1ablJ0ivDkSzjcaJdxEunN5/XvksFJ2sMBFfq6x0ryhQV/2b/KwFe21cMpmHtPOSij8K99/wSfoEuTObmuMQ==}
    engines: {node: '>= 0.4'}

  call-bind@1.0.8:
    resolution: {integrity: sha512-oKlSFMcMwpUg2ednkhQ454wfWiU/ul3CkJe/PEHcTKuiX6RpbehUiFMXu13HalGZxfUwCQzZG747YXBn1im9ww==}
    engines: {node: '>= 0.4'}

  call-bound@1.0.4:
    resolution: {integrity: sha512-+ys997U96po4Kx/ABpBCqhA9EuxJaQWDQg7295H4hBphv3IZg0boBKuwYpt4YXp6MZ5AmZQnU/tyMTlRpaSejg==}
    engines: {node: '>= 0.4'}

  chalk@5.6.2:
    resolution: {integrity: sha512-7NzBL0rN6fMUW+f7A6Io4h40qQlG+xGmtMxfbnH/K7TAtt8JQWVQK+6g0UXKMeVJoyV5EkkNsErQ8pVD3bLHbA==}
    engines: {node: ^12.17.0 || ^14.13 || >=16.0.0}

  codama@1.5.1:
    resolution: {integrity: sha512-kZbYgesIxwGNZ1JsYIWFzAsLtBuLZy/S1pCxJZgYaE13NJwDzi+bsEYqRSOUQ9ISN7FJR3SCyAE+vgzvcJpg2A==}
    hasBin: true

  commander@14.0.3:
    resolution: {integrity: sha512-H+y0Jo/T1RZ9qPP4Eh1pkcQcLRglraJaSLoyOtHxu6AapkjWVCy2Sit1QQ4x3Dng8qDlSsZEet7g5Pq06MvTgw==}
    engines: {node: '>=20'}

  define-data-property@1.1.4:
    resolution: {integrity: sha512-rBMvIzlpA8v6E+SJZoo++HAYqsLrkg7MSfIinMPFhmkorw7X+dOXVJQs+QT69zGkzMyfDnIMN2Wid1+NbL3T+A==}
    engines: {node: '>= 0.4'}

  dunder-proto@1.0.1:
    resolution: {integrity: sha512-KIN/nDJBQRcXw0MLVhZE9iQHmG68qAVIBg9CqmUYjmQIhgij9U5MFvrqkUL5FbtyyzZuOeOt0zdeRe4UY7ct+A==}
    engines: {node: '>= 0.4'}

  es-define-property@1.0.1:
    resolution: {integrity: sha512-e3nRfgfUZ4rNGL232gUgX06QNyyez04KdjFrF+LTRoOXmrOgFKDg4BCdsjW8EnT69eqdYGmRpJwiPVYNrCaW3g==}
    engines: {node: '>= 0.4'}

  es-errors@1.3.0:
    resolution: {integrity: sha512-Zf5H2Kxt2xjTvbJvP2ZWLEICxA6j+hAmMzIlypy4xcBg1vKVnx89Wy0GbS+kf5cwCVFFzdCFh2XSCFNULS6csw==}
    engines: {node: '>= 0.4'}

  es-object-atoms@1.1.1:
    resolution: {integrity: sha512-FGgH2h8zKNim9ljj7dankFPcICIK9Cp5bm+c2gQSYePhpaG5+esrLODihIorn+Pe6FGJzWhXQotPv73jTaldXA==}
    engines: {node: '>= 0.4'}

  fastestsmallesttextencoderdecoder@1.0.22:
    resolution: {integrity: sha512-Pb8d48e+oIuY4MaM64Cd7OW1gt4nxCHs7/ddPPZ/Ic3sg8yVGM7O9wDvZ7us6ScaUupzM+pfBolwtYhN1IxBIw==}

  function-bind@1.1.2:
    resolution: {integrity: sha512-7XHNxH7qX9xG5mIwxkhumTox/MIRNcOgDrxWsMt2pAr23WHp6MrRlN7FBSFpCpr+oVO0F744iUgR82nJMfG2SA==}

  get-intrinsic@1.3.0:
    resolution: {integrity: sha512-9fSjSaos/fRIVIp+xSJlE6lfwhES7LNtKaCBIamHsjr2na1BiABJPo0mOjjz8GJDURarmCPGqaiVg5mfjb98CQ==}
    engines: {node: '>= 0.4'}

  get-proto@1.0.1:
    resolution: {integrity: sha512-sTSfBjoXBp89JvIKIefqw7U2CCebsc74kiY6awiGogKtoSGbgjYE/G/+l9sF3MWFPNc9IcoOC4ODfKHfxFmp0g==}
    engines: {node: '>= 0.4'}

  gopd@1.2.0:
    resolution: {integrity: sha512-ZUKRh6/kUFoAiTAtTYPZJ3hw9wNxx+BIBOijnlG9PnrJsCcSjs1wyyD6vJpaYtgnzDrKYRSqf3OO6Rfa93xsRg==}
    engines: {node: '>= 0.4'}

  has-property-descriptors@1.0.2:
    resolution: {integrity: sha512-55JNKuIW+vq4Ke1BjOTjM2YctQIvCT7GFzHwmfZPGo5wnrgkid0YQtnAleFSqumZm4az3n2BS+erby5ipJdgrg==}

  has-symbols@1.1.0:
    resolution: {integrity: sha512-1cDNdwJ2Jaohmb3sg4OmKaMBwuC48sYni5HUw2DvsC8LjGTLK9h+eb1X6RyuOHe4hT0ULCW68iomhjUoKUqlPQ==}
    engines: {node: '>= 0.4'}

  hasown@2.0.2:
    resolution: {integrity: sha512-0hJU9SCPvmMzIBdZFqNPXWa6dqh7WdH0cII9y+CyS8rG3nL48Bclra9HmKhVVUHyPWNH5Y7xDwAB7bfgSjkUMQ==}
    engines: {node: '>= 0.4'}

  isarray@2.0.5:
    resolution: {integrity: sha512-xHjhDr3cNBK0BzdUJSPXZntQUx/mwMS5Rw4A7lPJ90XGAO6ISP/ePDNuo0vhqOZU+UD5JoodwCAAoZQd3FeAKw==}

  json-stable-stringify@1.3.0:
    resolution: {integrity: sha512-qtYiSSFlwot9XHtF9bD9c7rwKjr+RecWT//ZnPvSmEjpV5mmPOCN4j8UjY5hbjNkOwZ/jQv3J6R1/pL7RwgMsg==}
    engines: {node: '>= 0.4'}

  jsonify@0.0.1:
    resolution: {integrity: sha512-2/Ki0GcmuqSrgFyelQq9M05y7PS0mEwuIzrf3f1fPqkVDVRvZrPZtVSMHxdgo8Aq0sxAOb/cr2aqqA3LeWHVPg==}

  kleur@3.0.3:
    resolution: {integrity: sha512-eTIzlVOSUR+JxdDFepEYcBMtZ9Qqdef+rnzWdRZuMbOywu5tO2w2N7rqjoANZ5k9vywhL6Br1VRjUIgTQx4E8w==}
    engines: {node: '>=6'}

  math-intrinsics@1.1.0:
    resolution: {integrity: sha512-/IXtbwEk5HTPyEwyKX6hGkYXxM9nbj64B+ilVJnC/R6B0pH5G4V3b0pVbL7DBj4tkhBAppbQUlf6F6Xl9LHu1g==}
    engines: {node: '>= 0.4'}

  object-keys@1.1.1:
    resolution: {integrity: sha512-NuAESUOUMrlIXOfHKzD6bpPu3tYt3xvjNdRIQ+FeT0lNb4K8WR70CaDxhuNguS2XG+GjkyMwOzsN5ZktImfhLA==}
    engines: {node: '>= 0.4'}

  picocolors@1.1.1:
    resolution: {integrity: sha512-xceH2snhtb5M9liqDsmEw56le376mTZkEX/jEb/RxNFyegNul7eNslCXP9FDj/Lcu0X8KEyMceP2ntpaHrDEVA==}

  prettier@3.8.1:
    resolution: {integrity: sha512-UOnG6LftzbdaHZcKoPFtOcCKztrQ57WkHDeRD9t/PTQtmT0NHSeWWepj6pS0z/N7+08BHFDQVUrfmfMRcZwbMg==}
    engines: {node: '>=14'}
    hasBin: true

  prompts@2.4.2:
    resolution: {integrity: sha512-NxNv/kLguCA7p3jE8oL2aEBsrJWgAakBpgmgK6lpPWV+WuOmY6r2/zbAVnP+T8bQlA0nzHXSJSJW0Hq7ylaD2Q==}
    engines: {node: '>= 6'}

  semver@7.7.4:
    resolution: {integrity: sha512-vFKC2IEtQnVhpT78h1Yp8wzwrf8CM+MzKMHGJZfBtzhZNycRFnXsHk6E5TxIkkMsgNS7mdX3AGB7x2QM2di4lA==}
    engines: {node: '>=10'}
    hasBin: true

  set-function-length@1.2.2:
    resolution: {integrity: sha512-pgRc4hJ4/sNjWCSS9AmnS40x3bNMDTknHgL5UaMBTMyJnU90EgWh1Rz+MC9eFu4BuN/UwZjKQuY/1v3rM7HMfg==}
    engines: {node: '>= 0.4'}

  sisteransi@1.0.5:
    resolution: {integrity: sha512-bLGGlR1QxBcynn2d5YmDX4MGjlZvy2MRBDRNHLJ8VI6l6+9FUiyTFNJ0IveOSP0bcXgVDPRcfGqA0pjaqUpfVg==}

  typescript@5.9.3:
    resolution: {integrity: sha512-jl1vZzPDinLr9eUt3J/t7V6FgNEw9QjvBPdysz9KfQDD41fQrC2Y4vKQdiaUpFT4bXlb1RHhLpp8wtm6M5TgSw==}
    engines: {node: '>=14.17'}
    hasBin: true

  undici-types@7.18.2:
    resolution: {integrity: sha512-AsuCzffGHJybSaRrmr5eHr81mwJU3kjw6M+uprWvCXiNeN9SOGwQ3Jn8jb8m3Z6izVgknn1R0FTCEAP2QrLY/w==}

  undici-types@7.22.0:
    resolution: {integrity: sha512-RKZvifiL60xdsIuC80UY0dq8Z7DbJUV8/l2hOVbyZAxBzEeQU4Z58+4ZzJ6WN2Lidi9KzT5EbiGX+PI/UGYuRw==}

  ws@8.19.0:
    resolution: {integrity: sha512-blAT2mjOEIi0ZzruJfIhb3nps74PRWTCz1IjglWEEpQl5XS/UNama6u2/rjFkDDouqr4L67ry+1aGIALViWjDg==}
    engines: {node: '>=10.0.0'}
    peerDependencies:
      bufferutil: ^4.0.1
      utf-8-validate: '>=5.0.2'
    peerDependenciesMeta:
      bufferutil:
        optional: true
      utf-8-validate:
        optional: true

snapshots:

  '@codama/cli@1.5.0':
    dependencies:
      '@codama/nodes': 1.5.1
      '@codama/visitors': 1.5.1
      '@codama/visitors-core': 1.5.1
      commander: 14.0.3
      picocolors: 1.1.1
      prompts: 2.4.2

  '@codama/errors@1.5.1':
    dependencies:
      '@codama/node-types': 1.5.1
      commander: 14.0.3
      picocolors: 1.1.1

  '@codama/node-types@1.5.1': {}

  '@codama/nodes@1.5.1':
    dependencies:
      '@codama/errors': 1.5.1
      '@codama/node-types': 1.5.1

  '@codama/renderers-core@1.3.6':
    dependencies:
      '@codama/errors': 1.5.1
      '@codama/nodes': 1.5.1
      '@codama/visitors-core': 1.5.1

  '@codama/renderers-js@2.0.2(fastestsmallesttextencoderdecoder@1.0.22)(typescript@5.9.3)':
    dependencies:
      '@codama/errors': 1.5.1
      '@codama/nodes': 1.5.1
      '@codama/renderers-core': 1.3.6
      '@codama/visitors-core': 1.5.1
      '@solana/codecs-strings': 6.1.0(fastestsmallesttextencoderdecoder@1.0.22)(typescript@5.9.3)
      prettier: 3.8.1
      semver: 7.7.4
    transitivePeerDependencies:
      - fastestsmallesttextencoderdecoder
      - typescript

  '@codama/validators@1.5.1':
    dependencies:
      '@codama/errors': 1.5.1
      '@codama/nodes': 1.5.1
      '@codama/visitors-core': 1.5.1

  '@codama/visitors-core@1.5.1':
    dependencies:
      '@codama/errors': 1.5.1
      '@codama/nodes': 1.5.1
      json-stable-stringify: 1.3.0

  '@codama/visitors@1.5.1':
    dependencies:
      '@codama/errors': 1.5.1
      '@codama/nodes': 1.5.1
      '@codama/visitors-core': 1.5.1

  '@solana/accounts@6.1.0(fastestsmallesttextencoderdecoder@1.0.22)(typescript@5.9.3)':
    dependencies:
      '@solana/addresses': 6.1.0(fastestsmallesttextencoderdecoder@1.0.22)(typescript@5.9.3)
      '@solana/codecs-core': 6.1.0(typescript@5.9.3)
      '@solana/codecs-strings': 6.1.0(fastestsmallesttextencoderdecoder@1.0.22)(typescript@5.9.3)
      '@solana/errors': 6.1.0(typescript@5.9.3)
      '@solana/rpc-spec': 6.1.0(typescript@5.9.3)
      '@solana/rpc-types': 6.1.0(fastestsmallesttextencoderdecoder@1.0.22)(typescript@5.9.3)
    optionalDependencies:
      typescript: 5.9.3
    transitivePeerDependencies:
      - fastestsmallesttextencoderdecoder

  '@solana/addresses@6.1.0(fastestsmallesttextencoderdecoder@1.0.22)(typescript@5.9.3)':
    dependencies:
      '@solana/assertions': 6.1.0(typescript@5.9.3)
      '@solana/codecs-core': 6.1.0(typescript@5.9.3)
      '@solana/codecs-strings': 6.1.0(fastestsmallesttextencoderdecoder@1.0.22)(typescript@5.9.3)
      '@solana/errors': 6.1.0(typescript@5.9.3)
      '@solana/nominal-types': 6.1.0(typescript@5.9.3)
    optionalDependencies:
      typescript: 5.9.3
    transitivePeerDependencies:
      - fastestsmallesttextencoderdecoder

  '@solana/assertions@6.1.0(typescript@5.9.3)':
    dependencies:
      '@solana/errors': 6.1.0(typescript@5.9.3)
    optionalDependencies:
      typescript: 5.9.3

  '@solana/codecs-core@6.1.0(typescript@5.9.3)':
    dependencies:
      '@solana/errors': 6.1.0(typescript@5.9.3)
    optionalDependencies:
      typescript: 5.9.3

  '@solana/codecs-data-structures@6.1.0(typescript@5.9.3)':
    dependencies:
      '@solana/codecs-core': 6.1.0(typescript@5.9.3)
      '@solana/codecs-numbers': 6.1.0(typescript@5.9.3)
      '@solana/errors': 6.1.0(typescript@5.9.3)
    optionalDependencies:
      typescript: 5.9.3

  '@solana/codecs-numbers@6.1.0(typescript@5.9.3)':
    dependencies:
      '@solana/codecs-core': 6.1.0(typescript@5.9.3)
      '@solana/errors': 6.1.0(typescript@5.9.3)
    optionalDependencies:
      typescript: 5.9.3

  '@solana/codecs-strings@6.1.0(fastestsmallesttextencoderdecoder@1.0.22)(typescript@5.9.3)':
    dependencies:
      '@solana/codecs-core': 6.1.0(typescript@5.9.3)
      '@solana/codecs-numbers': 6.1.0(typescript@5.9.3)
      '@solana/errors': 6.1.0(typescript@5.9.3)
    optionalDependencies:
      fastestsmallesttextencoderdecoder: 1.0.22
      typescript: 5.9.3

  '@solana/codecs@6.1.0(fastestsmallesttextencoderdecoder@1.0.22)(typescript@5.9.3)':
    dependencies:
      '@solana/codecs-core': 6.1.0(typescript@5.9.3)
      '@solana/codecs-data-structures': 6.1.0(typescript@5.9.3)
      '@solana/codecs-numbers': 6.1.0(typescript@5.9.3)
      '@solana/codecs-strings': 6.1.0(fastestsmallesttextencoderdecoder@1.0.22)(typescript@5.9.3)
      '@solana/options': 6.1.0(fastestsmallesttextencoderdecoder@1.0.22)(typescript@5.9.3)
    optionalDependencies:
      typescript: 5.9.3
    transitivePeerDependencies:
      - fastestsmallesttextencoderdecoder

  '@solana/errors@6.1.0(typescript@5.9.3)':
    dependencies:
      chalk: 5.6.2
      commander: 14.0.3
    optionalDependencies:
      typescript: 5.9.3

  '@solana/fast-stable-stringify@6.1.0(typescript@5.9.3)':
    optionalDependencies:
      typescript: 5.9.3

  '@solana/functional@6.1.0(typescript@5.9.3)':
    optionalDependencies:
      typescript: 5.9.3

  '@solana/instruction-plans@6.1.0(fastestsmallesttextencoderdecoder@1.0.22)(typescript@5.9.3)':
    dependencies:
      '@solana/errors': 6.1.0(typescript@5.9.3)
      '@solana/instructions': 6.1.0(typescript@5.9.3)
      '@solana/keys': 6.1.0(fastestsmallesttextencoderdecoder@1.0.22)(typescript@5.9.3)
      '@solana/promises': 6.1.0(typescript@5.9.3)
      '@solana/transaction-messages': 6.1.0(fastestsmallesttextencoderdecoder@1.0.22)(typescript@5.9.3)
      '@solana/transactions': 6.1.0(fastestsmallesttextencoderdecoder@1.0.22)(typescript@5.9.3)
    optionalDependencies:
      typescript: 5.9.3
    transitivePeerDependencies:
      - fastestsmallesttextencoderdecoder

  '@solana/instructions@6.1.0(typescript@5.9.3)':
    dependencies:
      '@solana/codecs-core': 6.1.0(typescript@5.9.3)
      '@solana/errors': 6.1.0(typescript@5.9.3)
    optionalDependencies:
      typescript: 5.9.3

  '@solana/keys@6.1.0(fastestsmallesttextencoderdecoder@1.0.22)(typescript@5.9.3)':
    dependencies:
      '@solana/assertions': 6.1.0(typescript@5.9.3)
      '@solana/codecs-core': 6.1.0(typescript@5.9.3)
      '@solana/codecs-strings': 6.1.0(fastestsmallesttextencoderdecoder@1.0.22)(typescript@5.9.3)
      '@solana/errors': 6.1.0(typescript@5.9.3)
      '@solana/nominal-types': 6.1.0(typescript@5.9.3)
    optionalDependencies:
      typescript: 5.9.3
    transitivePeerDependencies:
      - fastestsmallesttextencoderdecoder

  '@solana/kit@6.1.0(fastestsmallesttextencoderdecoder@1.0.22)(typescript@5.9.3)':
    dependencies:
      '@solana/accounts': 6.1.0(fastestsmallesttextencoderdecoder@1.0.22)(typescript@5.9.3)
      '@solana/addresses': 6.1.0(fastestsmallesttextencoderdecoder@1.0.22)(typescript@5.9.3)
      '@solana/codecs': 6.1.0(fastestsmallesttextencoderdecoder@1.0.22)(typescript@5.9.3)
      '@solana/errors': 6.1.0(typescript@5.9.3)
      '@solana/functional': 6.1.0(typescript@5.9.3)
      '@solana/instruction-plans': 6.1.0(fastestsmallesttextencoderdecoder@1.0.22)(typescript@5.9.3)
      '@solana/instructions': 6.1.0(typescript@5.9.3)
      '@solana/keys': 6.1.0(fastestsmallesttextencoderdecoder@1.0.22)(typescript@5.9.3)
      '@solana/offchain-messages': 6.1.0(fastestsmallesttextencoderdecoder@1.0.22)(typescript@5.9.3)
      '@solana/plugin-core': 6.1.0(typescript@5.9.3)
      '@solana/plugin-interfaces': 6.1.0(fastestsmallesttextencoderdecoder@1.0.22)(typescript@5.9.3)
      '@solana/program-client-core': 6.1.0(fastestsmallesttextencoderdecoder@1.0.22)(typescript@5.9.3)
      '@solana/programs': 6.1.0(fastestsmallesttextencoderdecoder@1.0.22)(typescript@5.9.3)
      '@solana/rpc': 6.1.0(fastestsmallesttextencoderdecoder@1.0.22)(typescript@5.9.3)
      '@solana/rpc-api': 6.1.0(fastestsmallesttextencoderdecoder@1.0.22)(typescript@5.9.3)
      '@solana/rpc-parsed-types': 6.1.0(typescript@5.9.3)
      '@solana/rpc-spec-types': 6.1.0(typescript@5.9.3)
      '@solana/rpc-subscriptions': 6.1.0(fastestsmallesttextencoderdecoder@1.0.22)(typescript@5.9.3)
      '@solana/rpc-types': 6.1.0(fastestsmallesttextencoderdecoder@1.0.22)(typescript@5.9.3)
      '@solana/signers': 6.1.0(fastestsmallesttextencoderdecoder@1.0.22)(typescript@5.9.3)
      '@solana/sysvars': 6.1.0(fastestsmallesttextencoderdecoder@1.0.22)(typescript@5.9.3)
      '@solana/transaction-confirmation': 6.1.0(fastestsmallesttextencoderdecoder@1.0.22)(typescript@5.9.3)
      '@solana/transaction-messages': 6.1.0(fastestsmallesttextencoderdecoder@1.0.22)(typescript@5.9.3)
      '@solana/transactions': 6.1.0(fastestsmallesttextencoderdecoder@1.0.22)(typescript@5.9.3)
    optionalDependencies:
      typescript: 5.9.3
    transitivePeerDependencies:
      - bufferutil
      - fastestsmallesttextencoderdecoder
      - utf-8-validate

  '@solana/nominal-types@6.1.0(typescript@5.9.3)':
    optionalDependencies:
      typescript: 5.9.3

  '@solana/offchain-messages@6.1.0(fastestsmallesttextencoderdecoder@1.0.22)(typescript@5.9.3)':
    dependencies:
      '@solana/addresses': 6.1.0(fastestsmallesttextencoderdecoder@1.0.22)(typescript@5.9.3)
      '@solana/codecs-core': 6.1.0(typescript@5.9.3)
      '@solana/codecs-data-structures': 6.1.0(typescript@5.9.3)
      '@solana/codecs-numbers': 6.1.0(typescript@5.9.3)
      '@solana/codecs-strings': 6.1.0(fastestsmallesttextencoderdecoder@1.0.22)(typescript@5.9.3)
      '@solana/errors': 6.1.0(typescript@5.9.3)
      '@solana/keys': 6.1.0(fastestsmallesttextencoderdecoder@1.0.22)(typescript@5.9.3)
      '@solana/nominal-types': 6.1.0(typescript@5.9.3)
    optionalDependencies:
      typescript: 5.9.3
    transitivePeerDependencies:
      - fastestsmallesttextencoderdecoder

  '@solana/options@6.1.0(fastestsmallesttextencoderdecoder@1.0.22)(typescript@5.9.3)':
    dependencies:
      '@solana/codecs-core': 6.1.0(typescript@5.9.3)
      '@solana/codecs-data-structures': 6.1.0(typescript@5.9.3)
      '@solana/codecs-numbers': 6.1.0(typescript@5.9.3)
      '@solana/codecs-strings': 6.1.0(fastestsmallesttextencoderdecoder@1.0.22)(typescript@5.9.3)
      '@solana/errors': 6.1.0(typescript@5.9.3)
    optionalDependencies:
      typescript: 5.9.3
    transitivePeerDependencies:
      - fastestsmallesttextencoderdecoder

  '@solana/plugin-core@6.1.0(typescript@5.9.3)':
    optionalDependencies:
      typescript: 5.9.3

  '@solana/plugin-interfaces@6.1.0(fastestsmallesttextencoderdecoder@1.0.22)(typescript@5.9.3)':
    dependencies:
      '@solana/addresses': 6.1.0(fastestsmallesttextencoderdecoder@1.0.22)(typescript@5.9.3)
      '@solana/instruction-plans': 6.1.0(fastestsmallesttextencoderdecoder@1.0.22)(typescript@5.9.3)
      '@solana/keys': 6.1.0(fastestsmallesttextencoderdecoder@1.0.22)(typescript@5.9.3)
      '@solana/rpc-spec': 6.1.0(typescript@5.9.3)
      '@solana/rpc-subscriptions-spec': 6.1.0(typescript@5.9.3)
      '@solana/rpc-types': 6.1.0(fastestsmallesttextencoderdecoder@1.0.22)(typescript@5.9.3)
      '@solana/signers': 6.1.0(fastestsmallesttextencoderdecoder@1.0.22)(typescript@5.9.3)
    optionalDependencies:
      typescript: 5.9.3
    transitivePeerDependencies:
      - fastestsmallesttextencoderdecoder

  '@solana/program-client-core@6.1.0(fastestsmallesttextencoderdecoder@1.0.22)(typescript@5.9.3)':
    dependencies:
      '@solana/accounts': 6.1.0(fastestsmallesttextencoderdecoder@1.0.22)(typescript@5.9.3)
      '@solana/addresses': 6.1.0(fastestsmallesttextencoderdecoder@1.0.22)(typescript@5.9.3)
      '@solana/codecs-core': 6.1.0(typescript@5.9.3)
      '@solana/errors': 6.1.0(typescript@5.9.3)
      '@solana/instruction-plans': 6.1.0(fastestsmallesttextencoderdecoder@1.0.22)(typescript@5.9.3)
      '@solana/instructions': 6.1.0(typescript@5.9.3)
      '@solana/plugin-interfaces': 6.1.0(fastestsmallesttextencoderdecoder@1.0.22)(typescript@5.9.3)
      '@solana/rpc-api': 6.1.0(fastestsmallesttextencoderdecoder@1.0.22)(typescript@5.9.3)
      '@solana/signers': 6.1.0(fastestsmallesttextencoderdecoder@1.0.22)(typescript@5.9.3)
    optionalDependencies:
      typescript: 5.9.3
    transitivePeerDependencies:
      - fastestsmallesttextencoderdecoder

  '@solana/programs@6.1.0(fastestsmallesttextencoderdecoder@1.0.22)(typescript@5.9.3)':
    dependencies:
      '@solana/addresses': 6.1.0(fastestsmallesttextencoderdecoder@1.0.22)(typescript@5.9.3)
      '@solana/errors': 6.1.0(typescript@5.9.3)
    optionalDependencies:
      typescript: 5.9.3
    transitivePeerDependencies:
      - fastestsmallesttextencoderdecoder

  '@solana/promises@6.1.0(typescript@5.9.3)':
    optionalDependencies:
      typescript: 5.9.3

  '@solana/rpc-api@6.1.0(fastestsmallesttextencoderdecoder@1.0.22)(typescript@5.9.3)':
    dependencies:
      '@solana/addresses': 6.1.0(fastestsmallesttextencoderdecoder@1.0.22)(typescript@5.9.3)
      '@solana/codecs-core': 6.1.0(typescript@5.9.3)
      '@solana/codecs-strings': 6.1.0(fastestsmallesttextencoderdecoder@1.0.22)(typescript@5.9.3)
      '@solana/errors': 6.1.0(typescript@5.9.3)
      '@solana/keys': 6.1.0(fastestsmallesttextencoderdecoder@1.0.22)(typescript@5.9.3)
      '@solana/rpc-parsed-types': 6.1.0(typescript@5.9.3)
      '@solana/rpc-spec': 6.1.0(typescript@5.9.3)
      '@solana/rpc-transformers': 6.1.0(fastestsmallesttextencoderdecoder@1.0.22)(typescript@5.9.3)
      '@solana/rpc-types': 6.1.0(fastestsmallesttextencoderdecoder@1.0.22)(typescript@5.9.3)
      '@solana/transaction-messages': 6.1.0(fastestsmallesttextencoderdecoder@1.0.22)(typescript@5.9.3)
      '@solana/transactions': 6.1.0(fastestsmallesttextencoderdecoder@1.0.22)(typescript@5.9.3)
    optionalDependencies:
      typescript: 5.9.3
    transitivePeerDependencies:
      - fastestsmallesttextencoderdecoder

  '@solana/rpc-parsed-types@6.1.0(typescript@5.9.3)':
    optionalDependencies:
      typescript: 5.9.3

  '@solana/rpc-spec-types@6.1.0(typescript@5.9.3)':
    optionalDependencies:
      typescript: 5.9.3

  '@solana/rpc-spec@6.1.0(typescript@5.9.3)':
    dependencies:
      '@solana/errors': 6.1.0(typescript@5.9.3)
      '@solana/rpc-spec-types': 6.1.0(typescript@5.9.3)
    optionalDependencies:
      typescript: 5.9.3

  '@solana/rpc-subscriptions-api@6.1.0(fastestsmallesttextencoderdecoder@1.0.22)(typescript@5.9.3)':
    dependencies:
      '@solana/addresses': 6.1.0(fastestsmallesttextencoderdecoder@1.0.22)(typescript@5.9.3)
      '@solana/keys': 6.1.0(fastestsmallesttextencoderdecoder@1.0.22)(typescript@5.9.3)
      '@solana/rpc-subscriptions-spec': 6.1.0(typescript@5.9.3)
      '@solana/rpc-transformers': 6.1.0(fastestsmallesttextencoderdecoder@1.0.22)(typescript@5.9.3)
      '@solana/rpc-types': 6.1.0(fastestsmallesttextencoderdecoder@1.0.22)(typescript@5.9.3)
      '@solana/transaction-messages': 6.1.0(fastestsmallesttextencoderdecoder@1.0.22)(typescript@5.9.3)
      '@solana/transactions': 6.1.0(fastestsmallesttextencoderdecoder@1.0.22)(typescript@5.9.3)
    optionalDependencies:
      typescript: 5.9.3
    transitivePeerDependencies:
      - fastestsmallesttextencoderdecoder

  '@solana/rpc-subscriptions-channel-websocket@6.1.0(typescript@5.9.3)':
    dependencies:
      '@solana/errors': 6.1.0(typescript@5.9.3)
      '@solana/functional': 6.1.0(typescript@5.9.3)
      '@solana/rpc-subscriptions-spec': 6.1.0(typescript@5.9.3)
      '@solana/subscribable': 6.1.0(typescript@5.9.3)
      ws: 8.19.0
    optionalDependencies:
      typescript: 5.9.3
    transitivePeerDependencies:
      - bufferutil
      - utf-8-validate

  '@solana/rpc-subscriptions-spec@6.1.0(typescript@5.9.3)':
    dependencies:
      '@solana/errors': 6.1.0(typescript@5.9.3)
      '@solana/promises': 6.1.0(typescript@5.9.3)
      '@solana/rpc-spec-types': 6.1.0(typescript@5.9.3)
      '@solana/subscribable': 6.1.0(typescript@5.9.3)
    optionalDependencies:
      typescript: 5.9.3

  '@solana/rpc-subscriptions@6.1.0(fastestsmallesttextencoderdecoder@1.0.22)(typescript@5.9.3)':
    dependencies:
      '@solana/errors': 6.1.0(typescript@5.9.3)
      '@solana/fast-stable-stringify': 6.1.0(typescript@5.9.3)
      '@solana/functional': 6.1.0(typescript@5.9.3)
      '@solana/promises': 6.1.0(typescript@5.9.3)
      '@solana/rpc-spec-types': 6.1.0(typescript@5.9.3)
      '@solana/rpc-subscriptions-api': 6.1.0(fastestsmallesttextencoderdecoder@1.0.22)(typescript@5.9.3)
      '@solana/rpc-subscriptions-channel-websocket': 6.1.0(typescript@5.9.3)
      '@solana/rpc-subscriptions-spec': 6.1.0(typescript@5.9.3)
      '@solana/rpc-transformers': 6.1.0(fastestsmallesttextencoderdecoder@1.0.22)(typescript@5.9.3)
      '@solana/rpc-types': 6.1.0(fastestsmallesttextencoderdecoder@1.0.22)(typescript@5.9.3)
      '@solana/subscribable': 6.1.0(typescript@5.9.3)
    optionalDependencies:
      typescript: 5.9.3
    transitivePeerDependencies:
      - bufferutil
      - fastestsmallesttextencoderdecoder
      - utf-8-validate

  '@solana/rpc-transformers@6.1.0(fastestsmallesttextencoderdecoder@1.0.22)(typescript@5.9.3)':
    dependencies:
      '@solana/errors': 6.1.0(typescript@5.9.3)
      '@solana/functional': 6.1.0(typescript@5.9.3)
      '@solana/nominal-types': 6.1.0(typescript@5.9.3)
      '@solana/rpc-spec-types': 6.1.0(typescript@5.9.3)
      '@solana/rpc-types': 6.1.0(fastestsmallesttextencoderdecoder@1.0.22)(typescript@5.9.3)
    optionalDependencies:
      typescript: 5.9.3
    transitivePeerDependencies:
      - fastestsmallesttextencoderdecoder

  '@solana/rpc-transport-http@6.1.0(typescript@5.9.3)':
    dependencies:
      '@solana/errors': 6.1.0(typescript@5.9.3)
      '@solana/rpc-spec': 6.1.0(typescript@5.9.3)
      '@solana/rpc-spec-types': 6.1.0(typescript@5.9.3)
      undici-types: 7.22.0
    optionalDependencies:
      typescript: 5.9.3

  '@solana/rpc-types@6.1.0(fastestsmallesttextencoderdecoder@1.0.22)(typescript@5.9.3)':
    dependencies:
      '@solana/addresses': 6.1.0(fastestsmallesttextencoderdecoder@1.0.22)(typescript@5.9.3)
      '@solana/codecs-core': 6.1.0(typescript@5.9.3)
      '@solana/codecs-numbers': 6.1.0(typescript@5.9.3)
      '@solana/codecs-strings': 6.1.0(fastestsmallesttextencoderdecoder@1.0.22)(typescript@5.9.3)
      '@solana/errors': 6.1.0(typescript@5.9.3)
      '@solana/nominal-types': 6.1.0(typescript@5.9.3)
    optionalDependencies:
      typescript: 5.9.3
    transitivePeerDependencies:
      - fastestsmallesttextencoderdecoder

  '@solana/rpc@6.1.0(fastestsmallesttextencoderdecoder@1.0.22)(typescript@5.9.3)':
    dependencies:
      '@solana/errors': 6.1.0(typescript@5.9.3)
      '@solana/fast-stable-stringify': 6.1.0(typescript@5.9.3)
      '@solana/functional': 6.1.0(typescript@5.9.3)
      '@solana/rpc-api': 6.1.0(fastestsmallesttextencoderdecoder@1.0.22)(typescript@5.9.3)
      '@solana/rpc-spec': 6.1.0(typescript@5.9.3)
      '@solana/rpc-spec-types': 6.1.0(typescript@5.9.3)
      '@solana/rpc-transformers': 6.1.0(fastestsmallesttextencoderdecoder@1.0.22)(typescript@5.9.3)
      '@solana/rpc-transport-http': 6.1.0(typescript@5.9.3)
      '@solana/rpc-types': 6.1.0(fastestsmallesttextencoderdecoder@1.0.22)(typescript@5.9.3)
    optionalDependencies:
      typescript: 5.9.3
    transitivePeerDependencies:
      - fastestsmallesttextencoderdecoder

  '@solana/signers@6.1.0(fastestsmallesttextencoderdecoder@1.0.22)(typescript@5.9.3)':
    dependencies:
      '@solana/addresses': 6.1.0(fastestsmallesttextencoderdecoder@1.0.22)(typescript@5.9.3)
      '@solana/codecs-core': 6.1.0(typescript@5.9.3)
      '@solana/errors': 6.1.0(typescript@5.9.3)
      '@solana/instructions': 6.1.0(typescript@5.9.3)
      '@solana/keys': 6.1.0(fastestsmallesttextencoderdecoder@1.0.22)(typescript@5.9.3)
      '@solana/nominal-types': 6.1.0(typescript@5.9.3)
      '@solana/offchain-messages': 6.1.0(fastestsmallesttextencoderdecoder@1.0.22)(typescript@5.9.3)
      '@solana/transaction-messages': 6.1.0(fastestsmallesttextencoderdecoder@1.0.22)(typescript@5.9.3)
      '@solana/transactions': 6.1.0(fastestsmallesttextencoderdecoder@1.0.22)(typescript@5.9.3)
    optionalDependencies:
      typescript: 5.9.3
    transitivePeerDependencies:
      - fastestsmallesttextencoderdecoder

  '@solana/subscribable@6.1.0(typescript@5.9.3)':
    dependencies:
      '@solana/errors': 6.1.0(typescript@5.9.3)
    optionalDependencies:
      typescript: 5.9.3

  '@solana/sysvars@6.1.0(fastestsmallesttextencoderdecoder@1.0.22)(typescript@5.9.3)':
    dependencies:
      '@solana/accounts': 6.1.0(fastestsmallesttextencoderdecoder@1.0.22)(typescript@5.9.3)
      '@solana/codecs': 6.1.0(fastestsmallesttextencoderdecoder@1.0.22)(typescript@5.9.3)
      '@solana/errors': 6.1.0(typescript@5.9.3)
      '@solana/rpc-types': 6.1.0(fastestsmallesttextencoderdecoder@1.0.22)(typescript@5.9.3)
    optionalDependencies:
      typescript: 5.9.3
    transitivePeerDependencies:
      - fastestsmallesttextencoderdecoder

  '@solana/transaction-confirmation@6.1.0(fastestsmallesttextencoderdecoder@1.0.22)(typescript@5.9.3)':
    dependencies:
      '@solana/addresses': 6.1.0(fastestsmallesttextencoderdecoder@1.0.22)(typescript@5.9.3)
      '@solana/codecs-strings': 6.1.0(fastestsmallesttextencoderdecoder@1.0.22)(typescript@5.9.3)
      '@solana/errors': 6.1.0(typescript@5.9.3)
      '@solana/keys': 6.1.0(fastestsmallesttextencoderdecoder@1.0.22)(typescript@5.9.3)
      '@solana/promises': 6.1.0(typescript@5.9.3)
      '@solana/rpc': 6.1.0(fastestsmallesttextencoderdecoder@1.0.22)(typescript@5.9.3)
      '@solana/rpc-subscriptions': 6.1.0(fastestsmallesttextencoderdecoder@1.0.22)(typescript@5.9.3)
      '@solana/rpc-types': 6.1.0(fastestsmallesttextencoderdecoder@1.0.22)(typescript@5.9.3)
      '@solana/transaction-messages': 6.1.0(fastestsmallesttextencoderdecoder@1.0.22)(typescript@5.9.3)
      '@solana/transactions': 6.1.0(fastestsmallesttextencoderdecoder@1.0.22)(typescript@5.9.3)
    optionalDependencies:
      typescript: 5.9.3
    transitivePeerDependencies:
      - bufferutil
      - fastestsmallesttextencoderdecoder
      - utf-8-validate

  '@solana/transaction-messages@6.1.0(fastestsmallesttextencoderdecoder@1.0.22)(typescript@5.9.3)':
    dependencies:
      '@solana/addresses': 6.1.0(fastestsmallesttextencoderdecoder@1.0.22)(typescript@5.9.3)
      '@solana/codecs-core': 6.1.0(typescript@5.9.3)
      '@solana/codecs-data-structures': 6.1.0(typescript@5.9.3)
      '@solana/codecs-numbers': 6.1.0(typescript@5.9.3)
      '@solana/errors': 6.1.0(typescript@5.9.3)
      '@solana/functional': 6.1.0(typescript@5.9.3)
      '@solana/instructions': 6.1.0(typescript@5.9.3)
      '@solana/nominal-types': 6.1.0(typescript@5.9.3)
      '@solana/rpc-types': 6.1.0(fastestsmallesttextencoderdecoder@1.0.22)(typescript@5.9.3)
    optionalDependencies:
      typescript: 5.9.3
    transitivePeerDependencies:
      - fastestsmallesttextencoderdecoder

  '@solana/transactions@6.1.0(fastestsmallesttextencoderdecoder@1.0.22)(typescript@5.9.3)':
    dependencies:
      '@solana/addresses': 6.1.0(fastestsmallesttextencoderdecoder@1.0.22)(typescript@5.9.3)
      '@solana/codecs-core': 6.1.0(typescript@5.9.3)
      '@solana/codecs-data-structures': 6.1.0(typescript@5.9.3)
      '@solana/codecs-numbers': 6.1.0(typescript@5.9.3)
      '@solana/codecs-strings': 6.1.0(fastestsmallesttextencoderdecoder@1.0.22)(typescript@5.9.3)
      '@solana/errors': 6.1.0(typescript@5.9.3)
      '@solana/functional': 6.1.0(typescript@5.9.3)
      '@solana/instructions': 6.1.0(typescript@5.9.3)
      '@solana/keys': 6.1.0(fastestsmallesttextencoderdecoder@1.0.22)(typescript@5.9.3)
      '@solana/nominal-types': 6.1.0(typescript@5.9.3)
      '@solana/rpc-types': 6.1.0(fastestsmallesttextencoderdecoder@1.0.22)(typescript@5.9.3)
      '@solana/transaction-messages': 6.1.0(fastestsmallesttextencoderdecoder@1.0.22)(typescript@5.9.3)
    optionalDependencies:
      typescript: 5.9.3
    transitivePeerDependencies:
      - fastestsmallesttextencoderdecoder

  '@types/node@25.3.0':
    dependencies:
      undici-types: 7.18.2

  call-bind-apply-helpers@1.0.2:
    dependencies:
      es-errors: 1.3.0
      function-bind: 1.1.2

  call-bind@1.0.8:
    dependencies:
      call-bind-apply-helpers: 1.0.2
      es-define-property: 1.0.1
      get-intrinsic: 1.3.0
      set-function-length: 1.2.2

  call-bound@1.0.4:
    dependencies:
      call-bind-apply-helpers: 1.0.2
      get-intrinsic: 1.3.0

  chalk@5.6.2: {}

  codama@1.5.1:
    dependencies:
      '@codama/cli': 1.5.0
      '@codama/errors': 1.5.1
      '@codama/nodes': 1.5.1
      '@codama/validators': 1.5.1
      '@codama/visitors': 1.5.1

  commander@14.0.3: {}

  define-data-property@1.1.4:
    dependencies:
      es-define-property: 1.0.1
      es-errors: 1.3.0
      gopd: 1.2.0

  dunder-proto@1.0.1:
    dependencies:
      call-bind-apply-helpers: 1.0.2
      es-errors: 1.3.0
      gopd: 1.2.0

  es-define-property@1.0.1: {}

  es-errors@1.3.0: {}

  es-object-atoms@1.1.1:
    dependencies:
      es-errors: 1.3.0

  fastestsmallesttextencoderdecoder@1.0.22:
    optional: true

  function-bind@1.1.2: {}

  get-intrinsic@1.3.0:
    dependencies:
      call-bind-apply-helpers: 1.0.2
      es-define-property: 1.0.1
      es-errors: 1.3.0
      es-object-atoms: 1.1.1
      function-bind: 1.1.2
      get-proto: 1.0.1
      gopd: 1.2.0
      has-symbols: 1.1.0
      hasown: 2.0.2
      math-intrinsics: 1.1.0

  get-proto@1.0.1:
    dependencies:
      dunder-proto: 1.0.1
      es-object-atoms: 1.1.1

  gopd@1.2.0: {}

  has-property-descriptors@1.0.2:
    dependencies:
      es-define-property: 1.0.1

  has-symbols@1.1.0: {}

  hasown@2.0.2:
    dependencies:
      function-bind: 1.1.2

  isarray@2.0.5: {}

  json-stable-stringify@1.3.0:
    dependencies:
      call-bind: 1.0.8
      call-bound: 1.0.4
      isarray: 2.0.5
      jsonify: 0.0.1
      object-keys: 1.1.1

  jsonify@0.0.1: {}

  kleur@3.0.3: {}

  math-intrinsics@1.1.0: {}

  object-keys@1.1.1: {}

  picocolors@1.1.1: {}

  prettier@3.8.1: {}

  prompts@2.4.2:
    dependencies:
      kleur: 3.0.3
      sisteransi: 1.0.5

  semver@7.7.4: {}

  set-function-length@1.2.2:
    dependencies:
      define-data-property: 1.1.4
      es-errors: 1.3.0
      function-bind: 1.1.2
      get-intrinsic: 1.3.0
      gopd: 1.2.0
      has-property-descriptors: 1.0.2

  sisteransi@1.0.5: {}

  typescript@5.9.3: {}

  undici-types@7.18.2: {}

  undici-types@7.22.0: {}

  ws@8.19.0: {}
